
Microsoft Visual Studio Solution File, Format Version 12.00
# Visual Studio Version 17
VisualStudioVersion = 17.7.34221.43
MinimumVisualStudioVersion = 10.0.40219.1
Project("{FAE04EC0-301F-11D3-BF4B-00C04F79EFBC}") = "HemogenMedicineBloodloss", "HemogenMedicineBloodloss.csproj", "{66D0594E-7430-4F1C-A02B-1A64A81ED573}"
EndProject
Global
	GlobalSection(SolutionConfigurationPlatforms) = preSolution
		Debug|Any CPU = Debug|Any CPU
		Release|Any CPU = Release|Any CPU
	EndGlobalSection
	GlobalSection(ProjectConfigurationPlatforms) = postSolution
		{66D0594E-7430-4F1C-A02B-1A64A81ED573}.Debug|Any CPU.ActiveCfg = Debug|Any CPU
		{66D0594E-7430-4F1C-A02B-1A64A81ED573}.Debug|Any CPU.Build.0 = Debug|Any CPU
		{66D0594E-7430-4F1C-A02B-1A64A81ED573}.Release|Any CPU.ActiveCfg = Release|Any CPU
		{66D0594E-7430-4F1C-A02B-1A64A81ED573}.Release|Any CPU.Build.0 = Release|Any CPU
	EndGlobalSection
	GlobalSection(SolutionProperties) = preSolution
		HideSolutionNode = FALSE
	EndGlobalSection
	GlobalSection(ExtensibilityGlobals) = postSolution
		SolutionGuid = {B6C1D680-EDAA-4F13-85C8-AEDFCA1BE2D6}
	EndGlobalSection
EndGlobal
